{
  "nodes": {
    "chai": {
      "flake": false,
      "locked": {
        "lastModified": 1728492917,
        "narHash": "sha256-Acq5h+j+rcEMwAU+yuVbfkOqZu/kwuOA4JtqRvWjghQ=",
        "owner": "chaijs",
        "repo": "chai",
        "rev": "1b1780582c07eefb3781333e24316865b9db7ae8",
        "type": "github"
      },
      "original": {
        "owner": "chaijs",
        "repo": "chai",
        "type": "github"
      }
    },
    "chai-as-promised": {
      "flake": false,
      "locked": {
        "lastModified": 1717957136,
        "narHash": "sha256-1vqmLXdSXfIazqa6pSDfgJk8xtLMKKr2y92Y3nJKLHU=",
        "owner": "domenic",
        "repo": "chai-as-promised",
        "rev": "85ce33410b3e31c7508e44ede3e5cf4df4244df8",
        "type": "github"
      },
      "original": {
        "owner": "domenic",
        "repo": "chai-as-promised",
        "type": "github"
      }
    },
    "flake-utils": {
      "inputs": {
        "systems": "systems"
      },
      "locked": {
        "lastModified": 1731533236,
        "narHash": "sha256-l0KFg5HjrsfsO/JpG+r7fRrqm12kzFHyUHqHCVpMMbI=",
        "owner": "numtide",
        "repo": "flake-utils",
        "rev": "11707dc2f618dd54ca8739b309ec4fc024de578b",
        "type": "github"
      },
      "original": {
        "owner": "numtide",
        "repo": "flake-utils",
        "type": "github"
      }
    },
    "mocha": {
      "flake": false,
      "locked": {
        "lastModified": 1731347730,
        "narHash": "sha256-JcYe/DH7EoH64bVsuxZZZe7XH2VhvusungyHMWQB/Zg=",
        "owner": "mochajs",
        "repo": "mocha",
        "rev": "d3b2c386db74f0d448c7381097381dedb1c996f2",
        "type": "github"
      },
      "original": {
        "owner": "mochajs",
        "repo": "mocha",
        "type": "github"
      }
    },
    "nixpkgs": {
      "locked": {
        "lastModified": 1731319897,
        "narHash": "sha256-PbABj4tnbWFMfBp6OcUK5iGy1QY+/Z96ZcLpooIbuEI=",
        "owner": "nixos",
        "repo": "nixpkgs",
        "rev": "dc460ec76cbff0e66e269457d7b728432263166c",
        "type": "github"
      },
      "original": {
        "owner": "nixos",
        "ref": "nixos-unstable",
        "repo": "nixpkgs",
        "type": "github"
      }
    },
    "nixpkgs-old": {
      "locked": {
        "lastModified": 1728538411,
        "narHash": "sha256-f0SBJz1eZ2yOuKUr5CA9BHULGXVSn6miBuUWdTyhUhU=",
        "owner": "NixOS",
        "repo": "nixpkgs",
        "rev": "b69de56fac8c2b6f8fd27f2eca01dcda8e0a4221",
        "type": "github"
      },
      "original": {
        "owner": "NixOS",
        "repo": "nixpkgs",
        "rev": "b69de56fac8c2b6f8fd27f2eca01dcda8e0a4221",
        "type": "github"
      }
    },
    "root": {
      "inputs": {
        "chai": "chai",
        "chai-as-promised": "chai-as-promised",
        "flake-utils": "flake-utils",
        "mocha": "mocha",
        "nixpkgs": "nixpkgs",
        "nixpkgs-old": "nixpkgs-old",
        "zotero-csl-locale": "zotero-csl-locale",
        "zotero-libreoffice-integration": "zotero-libreoffice-integration",
        "zotero-note-editor-src": "zotero-note-editor-src",
        "zotero-pdf-worker-src": "zotero-pdf-worker-src",
        "zotero-reader-src": "zotero-reader-src",
        "zotero-resource-SingleFile": "zotero-resource-SingleFile",
        "zotero-schema": "zotero-schema",
        "zotero-src": "zotero-src",
        "zotero-styles": "zotero-styles",
        "zotero-translate": "zotero-translate",
        "zotero-translators": "zotero-translators",
        "zotero-utilities": "zotero-utilities"
      }
    },
    "systems": {
      "locked": {
        "lastModified": 1681028828,
        "narHash": "sha256-Vy1rq5AaRuLzOxct8nz4T6wlgyUR7zLU309k9mBC768=",
        "owner": "nix-systems",
        "repo": "default",
        "rev": "da67096a3b9bf56a91d16901293e51ba5b49a27e",
        "type": "github"
      },
      "original": {
        "owner": "nix-systems",
        "repo": "default",
        "type": "github"
      }
    },
    "zotero-csl-locale": {
      "flake": false,
      "locked": {
        "lastModified": 1729084884,
        "narHash": "sha256-hUznBn5L8AV0vBGJIBOY2PNwFhak1Xos7hLLvlFQuf8=",
        "owner": "citation-style-language",
        "repo": "locales",
        "rev": "4753e3a9aca4b806ac0e3036ed727d47bf8f678e",
        "type": "github"
      },
      "original": {
        "owner": "citation-style-language",
        "repo": "locales",
        "type": "github"
      }
    },
    "zotero-libreoffice-integration": {
      "flake": false,
      "locked": {
        "lastModified": 1725429073,
        "narHash": "sha256-1bFaeO2VuEtlAV+j/RdiStU3PAB78qvheqBVbKp/Q6Q=",
        "owner": "zotero",
        "repo": "zotero-libreoffice-integration",
        "rev": "39a4b0586c110d9ed42561295bc36e4e0383c793",
        "type": "github"
      },
      "original": {
        "owner": "zotero",
        "repo": "zotero-libreoffice-integration",
        "type": "github"
      }
    },
    "zotero-note-editor-src": {
      "flake": false,
      "locked": {
        "lastModified": 1726741295,
        "narHash": "sha256-9pIdSKP536ku0mQPDPAyILivkfyzgLcD7gbqICnywng=",
        "owner": "zotero",
        "repo": "note-editor",
        "rev": "0f15a7f7ea4077f567f0cebbc847b6337b70ba3c",
        "type": "github"
      },
      "original": {
        "owner": "zotero",
        "repo": "note-editor",
        "type": "github"
      }
    },
    "zotero-pdf-worker-src": {
      "flake": false,
      "locked": {
        "lastModified": 1727949300,
        "narHash": "sha256-5sqa7EZUjitgpIb+TEt2CTDTghhx5iOktasiEpyN2/c=",
        "ref": "refs/heads/master",
        "rev": "64c6acb0c06ed9f1d7f090052132292378c5cfe5",
        "revCount": 129,
        "submodules": true,
        "type": "git",
        "url": "https://github.com/zotero/pdf-worker.git"
      },
      "original": {
        "submodules": true,
        "type": "git",
        "url": "https://github.com/zotero/pdf-worker.git"
      }
    },
    "zotero-reader-src": {
      "flake": false,
      "locked": {
        "lastModified": 1731612147,
        "narHash": "sha256-XIkZIORshSWi7Q0/ZOf8vPsYp5SFvSed8/gnnV3SLnk=",
        "ref": "refs/heads/master",
        "rev": "4643dccca930f643a9f79a2722b664358fb2c1f9",
        "revCount": 1317,
        "submodules": true,
        "type": "git",
        "url": "https://github.com/zotero/reader.git"
      },
      "original": {
        "submodules": true,
        "type": "git",
        "url": "https://github.com/zotero/reader.git"
      }
    },
    "zotero-resource-SingleFile": {
      "flake": false,
      "locked": {
        "lastModified": 1731509862,
        "narHash": "sha256-1U241ZfkAv51Zibcg+HvyY9EoX0aKJJA4tlAKfF1MXE=",
        "owner": "gildas-lormeau",
        "repo": "SingleFile",
        "rev": "98506a2fac8d5e6cfb7064a01ef63ea39d05fdbf",
        "type": "github"
      },
      "original": {
        "owner": "gildas-lormeau",
        "repo": "SingleFile",
        "type": "github"
      }
    },
    "zotero-schema": {
      "flake": false,
      "locked": {
        "lastModified": 1723961270,
        "narHash": "sha256-P+4MXUD3ip3DceyUqMh+hgmHwaJqF0jUuuncliFdoYE=",
        "owner": "zotero",
        "repo": "zotero-schema",
        "rev": "a605ccbf05be710fa622e133e9f1f7c24cbd41a5",
        "type": "github"
      },
      "original": {
        "owner": "zotero",
        "repo": "zotero-schema",
        "type": "github"
      }
    },
    "zotero-src": {
      "flake": false,
      "locked": {
        "lastModified": 1731660841,
        "narHash": "sha256-1r0jCnhm+7mJgZ7NsfkqWUhFTiyIQ4+uOoPH7S3lv50=",
        "ref": "refs/heads/main",
        "rev": "dc47650eb353a389dd01c20102ad5f4bbca7758b",
        "revCount": 15000,
        "type": "git",
        "url": "https://github.com/zotero/zotero.git"
      },
      "original": {
        "type": "git",
        "url": "https://github.com/zotero/zotero.git"
      }
    },
    "zotero-styles": {
      "flake": false,
      "locked": {
        "lastModified": 1726031941,
        "narHash": "sha256-jK1lDbPsaP7ObBqFDlNpN+4uiLLgHrb3FqL1ojAOPwk=",
        "owner": "zotero",
        "repo": "bundled-styles",
        "rev": "a653811f3eaa0e9d849ab6019493c7b8867fc96f",
        "type": "github"
      },
      "original": {
        "owner": "zotero",
        "repo": "bundled-styles",
        "type": "github"
      }
    },
    "zotero-translate": {
      "flake": false,
      "locked": {
        "lastModified": 1727458046,
        "narHash": "sha256-dzkMnGEcFtJ3S10LtLVpq4d5O4f9+Jk12lrXhRegtPk=",
        "owner": "zotero",
        "repo": "translate",
        "rev": "93ff314aee4d07a5b04e8ddbdc1ba90dd376e952",
        "type": "github"
      },
      "original": {
        "owner": "zotero",
        "repo": "translate",
        "type": "github"
      }
    },
    "zotero-translators": {
      "flake": false,
      "locked": {
        "lastModified": 1731430101,
        "narHash": "sha256-ZAFDUIOcnlU5AAhvzKBsDNLWpttHQH24waOFWvcfG6M=",
        "owner": "zotero",
        "repo": "translators",
        "rev": "bc846072a55a679866608b0d16009d2e4cfb8f0b",
        "type": "github"
      },
      "original": {
        "owner": "zotero",
        "repo": "translators",
        "type": "github"
      }
    },
    "zotero-utilities": {
      "flake": false,
      "locked": {
        "lastModified": 1729053615,
        "narHash": "sha256-pwcPuyyUmTU4JlEknJt+OQybTNHfn/iUEkbH6hW1NVA=",
        "owner": "zotero",
        "repo": "utilities",
        "rev": "c879fa18113646c18abc951ed86481bfc2b2d134",
        "type": "github"
      },
      "original": {
        "owner": "zotero",
        "repo": "utilities",
        "type": "github"
      }
    }
  },
  "root": "root",
  "version": 7
}
